
Microsoft Visual Studio Solution File, Format Version 12.00
# Visual Studio Version 17
VisualStudioVersion = 17.3.32929.385
MinimumVisualStudioVersion = 10.0.40219.1
Project("{FAE04EC0-301F-11D3-BF4B-00C04F79EFBC}") = "ChooseYourOwnCards", "ChooseYourOwnCards\ChooseYourOwnCards.csproj", "{F828559A-D3EA-43FE-AA6D-70D7D04D1DB7}"
EndProject
Project("{FAE04EC0-301F-11D3-BF4B-00C04F79EFBC}") = "CYOC2", "CYOC2\CYOC2.csproj", "{B104A469-70BE-48A8-8744-AA4EDCAFE26E}"
EndProject
Global
	GlobalSection(SolutionConfigurationPlatforms) = preSolution
		Debug|Any CPU = Debug|Any CPU
		Release|Any CPU = Release|Any CPU
	EndGlobalSection
	GlobalSection(ProjectConfigurationPlatforms) = postSolution
		{F828559A-D3EA-43FE-AA6D-70D7D04D1DB7}.Debug|Any CPU.ActiveCfg = Debug|Any CPU
		{F828559A-D3EA-43FE-AA6D-70D7D04D1DB7}.Debug|Any CPU.Build.0 = Debug|Any CPU
		{F828559A-D3EA-43FE-AA6D-70D7D04D1DB7}.Release|Any CPU.ActiveCfg = Release|Any CPU
		{F828559A-D3EA-43FE-AA6D-70D7D04D1DB7}.Release|Any CPU.Build.0 = Release|Any CPU
		{B104A469-70BE-48A8-8744-AA4EDCAFE26E}.Debug|Any CPU.ActiveCfg = Debug|Any CPU
		{B104A469-70BE-48A8-8744-AA4EDCAFE26E}.Debug|Any CPU.Build.0 = Debug|Any CPU
		{B104A469-70BE-48A8-8744-AA4EDCAFE26E}.Release|Any CPU.ActiveCfg = Release|Any CPU
		{B104A469-70BE-48A8-8744-AA4EDCAFE26E}.Release|Any CPU.Build.0 = Release|Any CPU
	EndGlobalSection
	GlobalSection(SolutionProperties) = preSolution
		HideSolutionNode = FALSE
	EndGlobalSection
	GlobalSection(ExtensibilityGlobals) = postSolution
		SolutionGuid = {79D24B23-CA2B-43B6-BAD7-A28559179C5C}
	EndGlobalSection
EndGlobal
